// !$*UTF8*$!
{
	archiveVersion = 1;
	classes = {
	};
	objectVersion = 50;
	objects = {

/* Begin PBXBuildFile section */
		7B167BD02077348200A49A29 /* GuestModel.swift in Sources */ = {isa = PBXBuildFile; fileRef = 7B167BCF2077348200A49A29 /* GuestModel.swift */; };
		7B167BD2207741F100A49A29 /* ViewGuestListVC.swift in Sources */ = {isa = PBXBuildFile; fileRef = 7B167BD1207741F000A49A29 /* ViewGuestListVC.swift */; };
		7B22CB732076BB3C00E020B3 /* AppDelegate.swift in Sources */ = {isa = PBXBuildFile; fileRef = 7B22CB722076BB3C00E020B3 /* AppDelegate.swift */; };
		7B22CB752076BB3C00E020B3 /* AddGuestVC.swift in Sources */ = {isa = PBXBuildFile; fileRef = 7B22CB742076BB3C00E020B3 /* AddGuestVC.swift */; };
		7B22CB782076BB3C00E020B3 /* Main.storyboard in Resources */ = {isa = PBXBuildFile; fileRef = 7B22CB762076BB3C00E020B3 /* Main.storyboard */; };
		7B22CB7A2076BB6100E020B3 /* Assets.xcassets in Resources */ = {isa = PBXBuildFile; fileRef = 7B22CB792076BB6100E020B3 /* Assets.xcassets */; };
		7B22CB7D2076BB6100E020B3 /* LaunchScreen.storyboard in Resources */ = {isa = PBXBuildFile; fileRef = 7B22CB7B2076BB6100E020B3 /* LaunchScreen.storyboard */; };
		7B24C7B6207B101700446E42 /* ApprenticeTests.swift in Sources */ = {isa = PBXBuildFile; fileRef = 7B24C7B5207B101700446E42 /* ApprenticeTests.swift */; };
		7B24C7BE207B857400446E42 /* ImageUtilities.swift in Sources */ = {isa = PBXBuildFile; fileRef = 7B24C7BD207B857400446E42 /* ImageUtilities.swift */; };
/* End PBXBuildFile section */

/* Begin PBXContainerItemProxy section */
		7B24C7B8207B101700446E42 /* PBXContainerItemProxy */ = {
			isa = PBXContainerItemProxy;
			containerPortal = 7B22CB672076BB3C00E020B3 /* Project object */;
			proxyType = 1;
			remoteGlobalIDString = 7B22CB6E2076BB3C00E020B3;
			remoteInfo = Apprentice;
		};
/* End PBXContainerItemProxy section */

/* Begin PBXFileReference section */
		7B167BCF2077348200A49A29 /* GuestModel.swift */ = {isa = PBXFileReference; lastKnownFileType = sourcecode.swift; path = GuestModel.swift; sourceTree = "<group>"; };
		7B167BD1207741F000A49A29 /* ViewGuestListVC.swift */ = {isa = PBXFileReference; lastKnownFileType = sourcecode.swift; path = ViewGuestListVC.swift; sourceTree = "<group>"; };
		7B22CB6F2076BB3C00E020B3 /* Apprentice.app */ = {isa = PBXFileReference; explicitFileType = wrapper.application; includeInIndex = 0; path = Apprentice.app; sourceTree = BUILT_PRODUCTS_DIR; };
		7B22CB722076BB3C00E020B3 /* AppDelegate.swift */ = {isa = PBXFileReference; lastKnownFileType = sourcecode.swift; path = AppDelegate.swift; sourceTree = "<group>"; };
		7B22CB742076BB3C00E020B3 /* AddGuestVC.swift */ = {isa = PBXFileReference; lastKnownFileType = sourcecode.swift; path = AddGuestVC.swift; sourceTree = "<group>"; };
		7B22CB772076BB3C00E020B3 /* Base */ = {isa = PBXFileReference; lastKnownFileType = file.storyboard; name = Base; path = Base.lproj/Main.storyboard; sourceTree = "<group>"; };
		7B22CB792076BB6100E020B3 /* Assets.xcassets */ = {isa = PBXFileReference; lastKnownFileType = folder.assetcatalog; path = Assets.xcassets; sourceTree = "<group>"; };
		7B22CB7C2076BB6100E020B3 /* Base */ = {isa = PBXFileReference; lastKnownFileType = file.storyboard; name = Base; path = Base.lproj/LaunchScreen.storyboard; sourceTree = "<group>"; };
		7B22CB7E2076BB6100E020B3 /* Info.plist */ = {isa = PBXFileReference; lastKnownFileType = text.plist.xml; path = Info.plist; sourceTree = "<group>"; };
		7B24C7B3207B101600446E42 /* ApprenticeTests.xctest */ = {isa = PBXFileReference; explicitFileType = wrapper.cfbundle; includeInIndex = 0; path = ApprenticeTests.xctest; sourceTree = BUILT_PRODUCTS_DIR; };
		7B24C7B5207B101700446E42 /* ApprenticeTests.swift */ = {isa = PBXFileReference; lastKnownFileType = sourcecode.swift; path = ApprenticeTests.swift; sourceTree = "<group>"; };
		7B24C7B7207B101700446E42 /* Info.plist */ = {isa = PBXFileReference; lastKnownFileType = text.plist.xml; path = Info.plist; sourceTree = "<group>"; };
		7B24C7BD207B857400446E42 /* ImageUtilities.swift */ = {isa = PBXFileReference; lastKnownFileType = sourcecode.swift; path = ImageUtilities.swift; sourceTree = "<group>"; };
/* End PBXFileReference section */

/* Begin PBXFrameworksBuildPhase section */
		7B22CB6C2076BB3C00E020B3 /* Frameworks */ = {
			isa = PBXFrameworksBuildPhase;
			buildActionMask = 2147483647;
			files = (
			);
			runOnlyForDeploymentPostprocessing = 0;
		};
		7B24C7B0207B101600446E42 /* Frameworks */ = {
			isa = PBXFrameworksBuildPhase;
			buildActionMask = 2147483647;
			files = (
			);
			runOnlyForDeploymentPostprocessing = 0;
		};
/* End PBXFrameworksBuildPhase section */

/* Begin PBXGroup section */
		7B22CB662076BB3C00E020B3 = {
			isa = PBXGroup;
			children = (
				7B22CB712076BB3C00E020B3 /* Apprentice */,
				7B24C7B4207B101700446E42 /* ApprenticeTests */,
				7B22CB702076BB3C00E020B3 /* Products */,
			);
			sourceTree = "<group>";
		};
		7B22CB702076BB3C00E020B3 /* Products */ = {
			isa = PBXGroup;
			children = (
				7B22CB6F2076BB3C00E020B3 /* Apprentice.app */,
				7B24C7B3207B101600446E42 /* ApprenticeTests.xctest */,
			);
			name = Products;
			sourceTree = "<group>";
		};
		7B22CB712076BB3C00E020B3 /* Apprentice */ = {
			isa = PBXGroup;
			children = (
				7B22CB7E2076BB6100E020B3 /* Info.plist */,
				7B22CB722076BB3C00E020B3 /* AppDelegate.swift */,
				7B22CB742076BB3C00E020B3 /* AddGuestVC.swift */,
				7B167BCF2077348200A49A29 /* GuestModel.swift */,
				7B167BD1207741F000A49A29 /* ViewGuestListVC.swift */,
				7B24C7BD207B857400446E42 /* ImageUtilities.swift */,
				7B22CB762076BB3C00E020B3 /* Main.storyboard */,
				7B22CB792076BB6100E020B3 /* Assets.xcassets */,
				7B22CB7B2076BB6100E020B3 /* LaunchScreen.storyboard */,
			);
			path = Apprentice;
			sourceTree = "<group>";
		};
		7B24C7B4207B101700446E42 /* ApprenticeTests */ = {
			isa = PBXGroup;
			children = (
				7B24C7B5207B101700446E42 /* ApprenticeTests.swift */,
				7B24C7B7207B101700446E42 /* Info.plist */,
			);
			path = ApprenticeTests;
			sourceTree = "<group>";
		};
/* End PBXGroup section */

/* Begin PBXNativeTarget section */
		7B22CB6E2076BB3C00E020B3 /* Apprentice */ = {
			isa = PBXNativeTarget;
			buildConfigurationList = 7B22CB8C2076BB6200E020B3 /* Build configuration list for PBXNativeTarget "Apprentice" */;
			buildPhases = (
				7B22CB6B2076BB3C00E020B3 /* Sources */,
				7B22CB6C2076BB3C00E020B3 /* Frameworks */,
				7B22CB6D2076BB3C00E020B3 /* Resources */,
			);
			buildRules = (
			);
			dependencies = (
			);
			name = Apprentice;
			productName = Apprentice;
			productReference = 7B22CB6F2076BB3C00E020B3 /* Apprentice.app */;
			productType = "com.apple.product-type.application";
		};
		7B24C7B2207B101600446E42 /* ApprenticeTests */ = {
			isa = PBXNativeTarget;
			buildConfigurationList = 7B24C7BC207B101700446E42 /* Build configuration list for PBXNativeTarget "ApprenticeTests" */;
			buildPhases = (
				7B24C7AF207B101600446E42 /* Sources */,
				7B24C7B0207B101600446E42 /* Frameworks */,
				7B24C7B1207B101600446E42 /* Resources */,
			);
			buildRules = (
			);
			dependencies = (
				7B24C7B9207B101700446E42 /* PBXTargetDependency */,
			);
			name = ApprenticeTests;
			productName = ApprenticeTests;
			productReference = 7B24C7B3207B101600446E42 /* ApprenticeTests.xctest */;
			productType = "com.apple.product-type.bundle.unit-test";
		};
/* End PBXNativeTarget section */

/* Begin PBXProject section */
		7B22CB672076BB3C00E020B3 /* Project object */ = {
			isa = PBXProject;
			attributes = {
				LastSwiftUpdateCheck = 0930;
				LastUpgradeCheck = 0930;
				ORGANIZATIONNAME = "Little Maxima LLC";
				TargetAttributes = {
					7B22CB6E2076BB3C00E020B3 = {
						CreatedOnToolsVersion = 9.3;
					};
					7B24C7B2207B101600446E42 = {
						CreatedOnToolsVersion = 9.3;
						TestTargetID = 7B22CB6E2076BB3C00E020B3;
					};
				};
			};
			buildConfigurationList = 7B22CB6A2076BB3C00E020B3 /* Build configuration list for PBXProject "Apprentice" */;
			compatibilityVersion = "Xcode 9.3";
			developmentRegion = en;
			hasScannedForEncodings = 0;
			knownRegions = (
				en,
				Base,
			);
			mainGroup = 7B22CB662076BB3C00E020B3;
			productRefGroup = 7B22CB702076BB3C00E020B3 /* Products */;
			projectDirPath = "";
			projectRoot = "";
			targets = (
				7B22CB6E2076BB3C00E020B3 /* Apprentice */,
				7B24C7B2207B101600446E42 /* ApprenticeTests */,
			);
		};
/* End PBXProject section */

/* Begin PBXResourcesBuildPhase section */
		7B22CB6D2076BB3C00E020B3 /* Resources */ = {
			isa = PBXResourcesBuildPhase;
			buildActionMask = 2147483647;
			files = (
				7B22CB7D2076BB6100E020B3 /* LaunchScreen.storyboard in Resources */,
				7B22CB7A2076BB6100E020B3 /* Assets.xcassets in Resources */,
				7B22CB782076BB3C00E020B3 /* Main.storyboard in Resources */,
			);
			runOnlyForDeploymentPostprocessing = 0;
		};
		7B24C7B1207B101600446E42 /* Resources */ = {
			isa = PBXResourcesBuildPhase;
			buildActionMask = 2147483647;
			files = (
			);
			runOnlyForDeploymentPostprocessing = 0;
		};
/* End PBXResourcesBuildPhase section */

/* Begin PBXSourcesBuildPhase section */
		7B22CB6B2076BB3C00E020B3 /* Sources */ = {
			isa = PBXSourcesBuildPhase;
			buildActionMask = 2147483647;
			files = (
				7B22CB752076BB3C00E020B3 /* AddGuestVC.swift in Sources */,
				7B22CB732076BB3C00E020B3 /* AppDelegate.swift in Sources */,
				7B24C7BE207B857400446E42 /* ImageUtilities.swift in Sources */,
				7B167BD02077348200A49A29 /* GuestModel.swift in Sources */,
				7B167BD2207741F100A49A29 /* ViewGuestListVC.swift in Sources */,
			);
			runOnlyForDeploymentPostprocessing = 0;
		};
		7B24C7AF207B101600446E42 /* Sources */ = {
			isa = PBXSourcesBuildPhase;
			buildActionMask = 2147483647;
			files = (
				7B24C7B6207B101700446E42 /* ApprenticeTests.swift in Sources */,
			);
			runOnlyForDeploymentPostprocessing = 0;
		};
/* End PBXSourcesBuildPhase section */

/* Begin PBXTargetDependency section */
		7B24C7B9207B101700446E42 /* PBXTargetDependency */ = {
			isa = PBXTargetDependency;
			target = 7B22CB6E2076BB3C00E020B3 /* Apprentice */;
			targetProxy = 7B24C7B8207B101700446E42 /* PBXContainerItemProxy */;
		};
/* End PBXTargetDependency section */

/* Begin PBXVariantGroup section */
		7B22CB762076BB3C00E020B3 /* Main.storyboard */ = {
			isa = PBXVariantGroup;
			children = (
				7B22CB772076BB3C00E020B3 /* Base */,
			);
			name = Main.storyboard;
			sourceTree = "<group>";
		};
		7B22CB7B2076BB6100E020B3 /* LaunchScreen.storyboard */ = {
			isa = PBXVariantGroup;
			children = (
				7B22CB7C2076BB6100E020B3 /* Base */,
			);
			name = LaunchScreen.storyboard;
			sourceTree = "<group>";
		};
/* End PBXVariantGroup section */

/* Begin XCBuildConfiguration section */
		7B22CB8A2076BB6200E020B3 /* Debug */ = {
			isa = XCBuildConfiguration;
			buildSettings = {
				ALWAYS_SEARCH_USER_PATHS = NO;
				CLANG_ANALYZER_NONNULL = YES;
				CLANG_ANALYZER_NUMBER_OBJECT_CONVERSION = YES_AGGRESSIVE;
				CLANG_CXX_LANGUAGE_STANDARD = "gnu++14";
				CLANG_CXX_LIBRARY = "libc++";
				CLANG_ENABLE_MODULES = YES;
				CLANG_ENABLE_OBJC_ARC = YES;
				CLANG_ENABLE_OBJC_WEAK = YES;
				CLANG_WARN_BLOCK_CAPTURE_AUTORELEASING = YES;
				CLANG_WARN_BOOL_CONVERSION = YES;
				CLANG_WARN_COMMA = YES;
				CLANG_WARN_CONSTANT_CONVERSION = YES;
				CLANG_WARN_DEPRECATED_OBJC_IMPLEMENTATIONS = YES;
				CLANG_WARN_DIRECT_OBJC_ISA_USAGE = YES_ERROR;
				CLANG_WARN_DOCUMENTATION_COMMENTS = YES;
				CLANG_WARN_EMPTY_BODY = YES;
				CLANG_WARN_ENUM_CONVERSION = YES;
				CLANG_WARN_INFINITE_RECURSION = YES;
				CLANG_WARN_INT_CONVERSION = YES;
				CLANG_WARN_NON_LITERAL_NULL_CONVERSION = YES;
				CLANG_WARN_OBJC_IMPLICIT_RETAIN_SELF = YES;
				CLANG_WARN_OBJC_LITERAL_CONVERSION = YES;
				CLANG_WARN_OBJC_ROOT_CLASS = YES_ERROR;
				CLANG_WARN_RANGE_LOOP_ANALYSIS = YES;
				CLANG_WARN_STRICT_PROTOTYPES = YES;
				CLANG_WARN_SUSPICIOUS_MOVE = YES;
				CLANG_WARN_UNGUARDED_AVAILABILITY = YES_AGGRESSIVE;
				CLANG_WARN_UNREACHABLE_CODE = YES;
				CLANG_WARN__DUPLICATE_METHOD_MATCH = YES;
				CODE_SIGN_IDENTITY = "iPhone Developer";
				COPY_PHASE_STRIP = NO;
				DEBUG_INFORMATION_FORMAT = dwarf;
				ENABLE_STRICT_OBJC_MSGSEND = YES;
				ENABLE_TESTABILITY = YES;
				GCC_C_LANGUAGE_STANDARD = gnu11;
				GCC_DYNAMIC_NO_PIC = NO;
				GCC_NO_COMMON_BLOCKS = YES;
				GCC_OPTIMIZATION_LEVEL = 0;
				GCC_PREPROCESSOR_DEFINITIONS = (
					"DEBUG=1",
					"$(inherited)",
				);
				GCC_WARN_64_TO_32_BIT_CONVERSION = YES;
				GCC_WARN_ABOUT_RETURN_TYPE = YES_ERROR;
				GCC_WARN_UNDECLARED_SELECTOR = YES;
				GCC_WARN_UNINITIALIZED_AUTOS = YES_AGGRESSIVE;
				GCC_WARN_UNUSED_FUNCTION = YES;
				GCC_WARN_UNUSED_VARIABLE = YES;
				IPHONEOS_DEPLOYMENT_TARGET = 11.3;
				MTL_ENABLE_DEBUG_INFO = YES;
				ONLY_ACTIVE_ARCH = YES;
				SDKROOT = iphoneos;
				SWIFT_ACTIVE_COMPILATION_CONDITIONS = DEBUG;
				SWIFT_OPTIMIZATION_LEVEL = "-Onone";
			};
			name = Debug;
		};
		7B22CB8B2076BB6200E020B3 /* Release */ = {
			isa = XCBuildConfiguration;
			buildSettings = {
				ALWAYS_SEARCH_USER_PATHS = NO;
				CLANG_ANALYZER_NONNULL = YES;
				CLANG_ANALYZER_NUMBER_OBJECT_CONVERSION = YES_AGGRESSIVE;
				CLANG_CXX_LANGUAGE_STANDARD = "gnu++14";
				CLANG_CXX_LIBRARY = "libc++";
				CLANG_ENABLE_MODULES = YES;
				CLANG_ENABLE_OBJC_ARC = YES;
				CLANG_ENABLE_OBJC_WEAK = YES;
				CLANG_WARN_BLOCK_CAPTURE_AUTORELEASING = YES;
				CLANG_WARN_BOOL_CONVERSION = YES;
				CLANG_WARN_COMMA = YES;
				CLANG_WARN_CONSTANT_CONVERSION = YES;
				CLANG_WARN_DEPRECATED_OBJC_IMPLEMENTATIONS = YES;
				CLANG_WARN_DIRECT_OBJC_ISA_USAGE = YES_ERROR;
				CLANG_WARN_DOCUMENTATION_COMMENTS = YES;
				CLANG_WARN_EMPTY_BODY = YES;
				CLANG_WARN_ENUM_CONVERSION = YES;
				CLANG_WARN_INFINITE_RECURSION = YES;
				CLANG_WARN_INT_CONVERSION = YES;
				CLANG_WARN_NON_LITERAL_NULL_CONVERSION = YES;
				CLANG_WARN_OBJC_IMPLICIT_RETAIN_SELF = YES;
				CLANG_WARN_OBJC_LITERAL_CONVERSION = YES;
				CLANG_WARN_OBJC_ROOT_CLASS = YES_ERROR;
				CLANG_WARN_RANGE_LOOP_ANALYSIS = YES;
				CLANG_WARN_STRICT_PROTOTYPES = YES;
				CLANG_WARN_SUSPICIOUS_MOVE = YES;
				CLANG_WARN_UNGUARDED_AVAILABILITY = YES_AGGRESSIVE;
				CLANG_WARN_UNREACHABLE_CODE = YES;
				CLANG_WARN__DUPLICATE_METHOD_MATCH = YES;
				CODE_SIGN_IDENTITY = "iPhone Developer";
				COPY_PHASE_STRIP = NO;
				DEBUG_INFORMATION_FORMAT = "dwarf-with-dsym";
				ENABLE_NS_ASSERTIONS = NO;
				ENABLE_STRICT_OBJC_MSGSEND = YES;
				GCC_C_LANGUAGE_STANDARD = gnu11;
				GCC_NO_COMMON_BLOCKS = YES;
				GCC_WARN_64_TO_32_BIT_CONVERSION = YES;
				GCC_WARN_ABOUT_RETURN_TYPE = YES_ERROR;
				GCC_WARN_UNDECLARED_SELECTOR = YES;
				GCC_WARN_UNINITIALIZED_AUTOS = YES_AGGRESSIVE;
				GCC_WARN_UNUSED_FUNCTION = YES;
				GCC_WARN_UNUSED_VARIABLE = YES;
				IPHONEOS_DEPLOYMENT_TARGET = 11.3;
				MTL_ENABLE_DEBUG_INFO = NO;
				SDKROOT = iphoneos;
				SWIFT_COMPILATION_MODE = wholemodule;
				SWIFT_OPTIMIZATION_LEVEL = "-O";
				VALIDATE_PRODUCT = YES;
			};
			name = Release;
		};
		7B22CB8D2076BB6200E020B3 /* Debug */ = {
			isa = XCBuildConfiguration;
			buildSettings = {
				ASSETCATALOG_COMPILER_APPICON_NAME = AppIcon;
				CODE_SIGN_STYLE = Automatic;
				DEVELOPMENT_TEAM = L8MS5YZENK;
				INFOPLIST_FILE = Apprentice/Info.plist;
				LD_RUNPATH_SEARCH_PATHS = (
					"$(inherited)",
					"@executable_path/Frameworks",
				);
				PRODUCT_BUNDLE_IDENTIFIER = com.littlemaxima.Apprentice;
				PRODUCT_NAME = "$(TARGET_NAME)";
				SWIFT_VERSION = 4.0;
				TARGETED_DEVICE_FAMILY = "1,2";
			};
			name = Debug;
		};
		7B22CB8E2076BB6200E020B3 /* Release */ = {
			isa = XCBuildConfiguration;
			buildSettings = {
				ASSETCATALOG_COMPILER_APPICON_NAME = AppIcon;
				CODE_SIGN_STYLE = Automatic;
				DEVELOPMENT_TEAM = L8MS5YZENK;
				INFOPLIST_FILE = Apprentice/Info.plist;
				LD_RUNPATH_SEARCH_PATHS = (
					"$(inherited)",
					"@executable_path/Frameworks",
				);
				PRODUCT_BUNDLE_IDENTIFIER = com.littlemaxima.Apprentice;
				PRODUCT_NAME = "$(TARGET_NAME)";
				SWIFT_VERSION = 4.0;
				TARGETED_DEVICE_FAMILY = "1,2";
			};
			name = Release;
		};
		7B24C7BA207B101700446E42 /* Debug */ = {
			isa = XCBuildConfiguration;
			buildSettings = {
				BUNDLE_LOADER = "$(TEST_HOST)";
				CODE_SIGN_STYLE = Automatic;
				DEVELOPMENT_TEAM = L8MS5YZENK;
				INFOPLIST_FILE = ApprenticeTests/Info.plist;
				LD_RUNPATH_SEARCH_PATHS = (
					"$(inherited)",
					"@executable_path/Frameworks",
					"@loader_path/Frameworks",
				);
				PRODUCT_BUNDLE_IDENTIFIER = com.littlemaxima.ApprenticeTests;
				PRODUCT_NAME = "$(TARGET_NAME)";
				SWIFT_VERSION = 4.0;
				TARGETED_DEVICE_FAMILY = "1,2";
				TEST_HOST = "$(BUILT_PRODUCTS_DIR)/Apprentice.app/Apprentice";
			};
			name = Debug;
		};
		7B24C7BB207B101700446E42 /* Release */ = {
			isa = XCBuildConfiguration;
			buildSettings = {
				BUNDLE_LOADER = "$(TEST_HOST)";
				CODE_SIGN_STYLE = Automatic;
				DEVELOPMENT_TEAM = L8MS5YZENK;
				INFOPLIST_FILE = ApprenticeTests/Info.plist;
				LD_RUNPATH_SEARCH_PATHS = (
					"$(inherited)",
					"@executable_path/Frameworks",
					"@loader_path/Frameworks",
				);
				PRODUCT_BUNDLE_IDENTIFIER = com.littlemaxima.ApprenticeTests;
				PRODUCT_NAME = "$(TARGET_NAME)";
				SWIFT_VERSION = 4.0;
				TARGETED_DEVICE_FAMILY = "1,2";
				TEST_HOST = "$(BUILT_PRODUCTS_DIR)/Apprentice.app/Apprentice";
			};
			name = Release;
		};
/* End XCBuildConfiguration section */

/* Begin XCConfigurationList section */
		7B22CB6A2076BB3C00E020B3 /* Build configuration list for PBXProject "Apprentice" */ = {
			isa = XCConfigurationList;
			buildConfigurations = (
				7B22CB8A2076BB6200E020B3 /* Debug */,
				7B22CB8B2076BB6200E020B3 /* Release */,
			);
			defaultConfigurationIsVisible = 0;
			defaultConfigurationName = Release;
		};
		7B22CB8C2076BB6200E020B3 /* Build configuration list for PBXNativeTarget "Apprentice" */ = {
			isa = XCConfigurationList;
			buildConfigurations = (
				7B22CB8D2076BB6200E020B3 /* Debug */,
				7B22CB8E2076BB6200E020B3 /* Release */,
			);
			defaultConfigurationIsVisible = 0;
			defaultConfigurationName = Release;
		};
		7B24C7BC207B101700446E42 /* Build configuration list for PBXNativeTarget "ApprenticeTests" */ = {
			isa = XCConfigurationList;
			buildConfigurations = (
				7B24C7BA207B101700446E42 /* Debug */,
				7B24C7BB207B101700446E42 /* Release */,
			);
			defaultConfigurationIsVisible = 0;
			defaultConfigurationName = Release;
		};
/* End XCConfigurationList section */
	};
	rootObject = 7B22CB672076BB3C00E020B3 /* Project object */;
}
